id: m17_framer
label: framer
category: '[m17]'
documentation: |-
  This frames data with M17 LICH preamble and LICH chunks for each packet.

templates:
  imports: import gnuradio.m17 as m17
  make: m17.m17_framer(${dst}, ${src}, ${stream_type}, ${nonce})

#  Make one 'parameters' list entry for every parameter you want settable from the GUI.
#     Keys include:
#     * id (makes the value accessible as \$keyname, e.g. in the make entry)
#     * label (label shown in the GUI)
#     * dtype (e.g. int, float, complex, byte, short, xxx_vector, ...)
#parameters:

#  Make one 'inputs' list entry per input and one 'outputs' list entry per output.
#  Keys include:
#      * label (an identifier for the GUI)
#      * domain (optional - stream or message. Default is stream)
#      * dtype (e.g. int, float, complex, byte, short, xxx_vector, ...)
#      * vlen (optional - data stream vector length. Default is 1)
#      * optional (optional - set to 1 for optional inputs. Default is 0)
inputs:
- label: Input Data
  domain: stream
  dtype: byte
  optional: 1

outputs:
- label: Framed Data
  domain: stream
  dtype: byte

#  'file_format' specifies the version of the GRC yml format used in the file
#  and should usually not be changed.
file_format: 1
